
Microsoft Visual Studio Solution File, Format Version 12.00
# Visual Studio Version 16
VisualStudioVersion = 16.0.29709.97
MinimumVisualStudioVersion = 10.0.40219.1
Project("{FAE04EC0-301F-11D3-BF4B-00C04F79EFBC}") = "The_Mantle_Church.Android", "The_Mantle_Church.Android\The_Mantle_Church.Android.csproj", "{78D568BC-7B63-441E-B772-17CB474DFB49}"
EndProject
Project("{FAE04EC0-301F-11D3-BF4B-00C04F79EFBC}") = "The_Mantle_Church.iOS", "The_Mantle_Church.iOS\The_Mantle_Church.iOS.csproj", "{5F9A3843-B973-4F84-8834-8640023BA21A}"
EndProject
Project("{FAE04EC0-301F-11D3-BF4B-00C04F79EFBC}") = "The_Mantle_Church", "The_Mantle_Church\The_Mantle_Church.csproj", "{64FDD471-99F9-4A42-9B26-FD022DB27876}"
EndProject
Global
	GlobalSection(SolutionConfigurationPlatforms) = preSolution
		Debug|Any CPU = Debug|Any CPU
		Debug|iPhone = Debug|iPhone
		Debug|iPhoneSimulator = Debug|iPhoneSimulator
		Release|Any CPU = Release|Any CPU
		Release|iPhone = Release|iPhone
		Release|iPhoneSimulator = Release|iPhoneSimulator
	EndGlobalSection
	GlobalSection(ProjectConfigurationPlatforms) = postSolution
		{78D568BC-7B63-441E-B772-17CB474DFB49}.Debug|Any CPU.ActiveCfg = Debug|Any CPU
		{78D568BC-7B63-441E-B772-17CB474DFB49}.Debug|Any CPU.Build.0 = Debug|Any CPU
		{78D568BC-7B63-441E-B772-17CB474DFB49}.Debug|Any CPU.Deploy.0 = Debug|Any CPU
		{78D568BC-7B63-441E-B772-17CB474DFB49}.Debug|iPhone.ActiveCfg = Debug|Any CPU
		{78D568BC-7B63-441E-B772-17CB474DFB49}.Debug|iPhone.Build.0 = Debug|Any CPU
		{78D568BC-7B63-441E-B772-17CB474DFB49}.Debug|iPhone.Deploy.0 = Debug|Any CPU
		{78D568BC-7B63-441E-B772-17CB474DFB49}.Debug|iPhoneSimulator.ActiveCfg = Debug|Any CPU
		{78D568BC-7B63-441E-B772-17CB474DFB49}.Debug|iPhoneSimulator.Build.0 = Debug|Any CPU
		{78D568BC-7B63-441E-B772-17CB474DFB49}.Debug|iPhoneSimulator.Deploy.0 = Debug|Any CPU
		{78D568BC-7B63-441E-B772-17CB474DFB49}.Release|Any CPU.ActiveCfg = Release|Any CPU
		{78D568BC-7B63-441E-B772-17CB474DFB49}.Release|Any CPU.Build.0 = Release|Any CPU
		{78D568BC-7B63-441E-B772-17CB474DFB49}.Release|Any CPU.Deploy.0 = Release|Any CPU
		{78D568BC-7B63-441E-B772-17CB474DFB49}.Release|iPhone.ActiveCfg = Release|Any CPU
		{78D568BC-7B63-441E-B772-17CB474DFB49}.Release|iPhone.Build.0 = Release|Any CPU
		{78D568BC-7B63-441E-B772-17CB474DFB49}.Release|iPhone.Deploy.0 = Release|Any CPU
		{78D568BC-7B63-441E-B772-17CB474DFB49}.Release|iPhoneSimulator.ActiveCfg = Release|Any CPU
		{78D568BC-7B63-441E-B772-17CB474DFB49}.Release|iPhoneSimulator.Build.0 = Release|Any CPU
		{78D568BC-7B63-441E-B772-17CB474DFB49}.Release|iPhoneSimulator.Deploy.0 = Release|Any CPU
		{5F9A3843-B973-4F84-8834-8640023BA21A}.Debug|Any CPU.ActiveCfg = Debug|iPhoneSimulator
		{5F9A3843-B973-4F84-8834-8640023BA21A}.Debug|Any CPU.Build.0 = Debug|iPhoneSimulator
		{5F9A3843-B973-4F84-8834-8640023BA21A}.Debug|Any CPU.Deploy.0 = Debug|iPhoneSimulator
		{5F9A3843-B973-4F84-8834-8640023BA21A}.Debug|iPhone.ActiveCfg = Debug|iPhone
		{5F9A3843-B973-4F84-8834-8640023BA21A}.Debug|iPhone.Build.0 = Debug|iPhone
		{5F9A3843-B973-4F84-8834-8640023BA21A}.Debug|iPhone.Deploy.0 = Debug|iPhone
		{5F9A3843-B973-4F84-8834-8640023BA21A}.Debug|iPhoneSimulator.ActiveCfg = Debug|iPhoneSimulator
		{5F9A3843-B973-4F84-8834-8640023BA21A}.Debug|iPhoneSimulator.Build.0 = Debug|iPhoneSimulator
		{5F9A3843-B973-4F84-8834-8640023BA21A}.Debug|iPhoneSimulator.Deploy.0 = Debug|iPhoneSimulator
		{5F9A3843-B973-4F84-8834-8640023BA21A}.Release|Any CPU.ActiveCfg = Release|iPhone
		{5F9A3843-B973-4F84-8834-8640023BA21A}.Release|Any CPU.Build.0 = Release|iPhone
		{5F9A3843-B973-4F84-8834-8640023BA21A}.Release|Any CPU.Deploy.0 = Release|iPhone
		{5F9A3843-B973-4F84-8834-8640023BA21A}.Release|iPhone.ActiveCfg = Release|iPhone
		{5F9A3843-B973-4F84-8834-8640023BA21A}.Release|iPhone.Build.0 = Release|iPhone
		{5F9A3843-B973-4F84-8834-8640023BA21A}.Release|iPhone.Deploy.0 = Release|iPhone
		{5F9A3843-B973-4F84-8834-8640023BA21A}.Release|iPhoneSimulator.ActiveCfg = Release|iPhoneSimulator
		{5F9A3843-B973-4F84-8834-8640023BA21A}.Release|iPhoneSimulator.Build.0 = Release|iPhoneSimulator
		{5F9A3843-B973-4F84-8834-8640023BA21A}.Release|iPhoneSimulator.Deploy.0 = Release|iPhoneSimulator
		{64FDD471-99F9-4A42-9B26-FD022DB27876}.Debug|Any CPU.ActiveCfg = Debug|Any CPU
		{64FDD471-99F9-4A42-9B26-FD022DB27876}.Debug|Any CPU.Build.0 = Debug|Any CPU
		{64FDD471-99F9-4A42-9B26-FD022DB27876}.Debug|Any CPU.Deploy.0 = Debug|Any CPU
		{64FDD471-99F9-4A42-9B26-FD022DB27876}.Debug|iPhone.ActiveCfg = Debug|Any CPU
		{64FDD471-99F9-4A42-9B26-FD022DB27876}.Debug|iPhone.Build.0 = Debug|Any CPU
		{64FDD471-99F9-4A42-9B26-FD022DB27876}.Debug|iPhone.Deploy.0 = Debug|Any CPU
		{64FDD471-99F9-4A42-9B26-FD022DB27876}.Debug|iPhoneSimulator.ActiveCfg = Debug|Any CPU
		{64FDD471-99F9-4A42-9B26-FD022DB27876}.Debug|iPhoneSimulator.Build.0 = Debug|Any CPU
		{64FDD471-99F9-4A42-9B26-FD022DB27876}.Debug|iPhoneSimulator.Deploy.0 = Debug|Any CPU
		{64FDD471-99F9-4A42-9B26-FD022DB27876}.Release|Any CPU.ActiveCfg = Release|Any CPU
		{64FDD471-99F9-4A42-9B26-FD022DB27876}.Release|Any CPU.Build.0 = Release|Any CPU
		{64FDD471-99F9-4A42-9B26-FD022DB27876}.Release|Any CPU.Deploy.0 = Release|Any CPU
		{64FDD471-99F9-4A42-9B26-FD022DB27876}.Release|iPhone.ActiveCfg = Release|Any CPU
		{64FDD471-99F9-4A42-9B26-FD022DB27876}.Release|iPhone.Build.0 = Release|Any CPU
		{64FDD471-99F9-4A42-9B26-FD022DB27876}.Release|iPhone.Deploy.0 = Release|Any CPU
		{64FDD471-99F9-4A42-9B26-FD022DB27876}.Release|iPhoneSimulator.ActiveCfg = Release|Any CPU
		{64FDD471-99F9-4A42-9B26-FD022DB27876}.Release|iPhoneSimulator.Build.0 = Release|Any CPU
		{64FDD471-99F9-4A42-9B26-FD022DB27876}.Release|iPhoneSimulator.Deploy.0 = Release|Any CPU
	EndGlobalSection
	GlobalSection(SolutionProperties) = preSolution
		HideSolutionNode = FALSE
	EndGlobalSection
	GlobalSection(ExtensibilityGlobals) = postSolution
		SolutionGuid = {3554B51F-DDE9-4102-9226-77199D01AF15}
	EndGlobalSection
EndGlobal
